
Microsoft Visual Studio Solution File, Format Version 12.00
# Visual Studio 15
VisualStudioVersion = 15.0.28010.0
MinimumVisualStudioVersion = 10.0.40219.1
Project("{FAE04EC0-301F-11D3-BF4B-00C04F79EFBC}") = "SimpleSpreadsheet.Console", "SimpleSpreadsheet.Console\SimpleSpreadsheet.Console.csproj", "{5F6D108C-5972-4811-87BF-E1D49DE32FE4}"
EndProject
Project("{FAE04EC0-301F-11D3-BF4B-00C04F79EFBC}") = "SimpleSpreadsheet.UnitTest", "SimpleSpreadsheet.UnitTest\SimpleSpreadsheet.UnitTest.csproj", "{59065C57-3576-4003-9F81-0D32056B2F7D}"
EndProject
Global
	GlobalSection(SolutionConfigurationPlatforms) = preSolution
		Debug|Any CPU = Debug|Any CPU
		Release|Any CPU = Release|Any CPU
	EndGlobalSection
	GlobalSection(ProjectConfigurationPlatforms) = postSolution
		{5F6D108C-5972-4811-87BF-E1D49DE32FE4}.Debug|Any CPU.ActiveCfg = Debug|Any CPU
		{5F6D108C-5972-4811-87BF-E1D49DE32FE4}.Debug|Any CPU.Build.0 = Debug|Any CPU
		{5F6D108C-5972-4811-87BF-E1D49DE32FE4}.Release|Any CPU.ActiveCfg = Release|Any CPU
		{5F6D108C-5972-4811-87BF-E1D49DE32FE4}.Release|Any CPU.Build.0 = Release|Any CPU
		{59065C57-3576-4003-9F81-0D32056B2F7D}.Debug|Any CPU.ActiveCfg = Debug|Any CPU
		{59065C57-3576-4003-9F81-0D32056B2F7D}.Debug|Any CPU.Build.0 = Debug|Any CPU
		{59065C57-3576-4003-9F81-0D32056B2F7D}.Release|Any CPU.ActiveCfg = Release|Any CPU
		{59065C57-3576-4003-9F81-0D32056B2F7D}.Release|Any CPU.Build.0 = Release|Any CPU
	EndGlobalSection
	GlobalSection(SolutionProperties) = preSolution
		HideSolutionNode = FALSE
	EndGlobalSection
	GlobalSection(ExtensibilityGlobals) = postSolution
		SolutionGuid = {1B67907E-2E95-4991-9D92-E09C5E9E62E9}
	EndGlobalSection
EndGlobal
